
Microsoft Visual Studio Solution File, Format Version 12.00
# Visual Studio 14
VisualStudioVersion = 14.0.24720.0
MinimumVisualStudioVersion = 10.0.40219.1
Project("{FAE04EC0-301F-11D3-BF4B-00C04F79EFBC}") = "HR_Core", "HR_Core\HR_Core.csproj", "{A0045064-4DA3-4A9A-9E1A-F9767ABD488C}"
EndProject
Project("{FAE04EC0-301F-11D3-BF4B-00C04F79EFBC}") = "Bll", "Bll\Bll.csproj", "{BDD60CDA-DFA7-48DA-89E3-EB43B638094A}"
EndProject
Project("{FAE04EC0-301F-11D3-BF4B-00C04F79EFBC}") = "Dao", "Dao\Dao.csproj", "{4FC656D8-8E39-42D1-81F6-C3DC87CADB2B}"
EndProject
Project("{FAE04EC0-301F-11D3-BF4B-00C04F79EFBC}") = "IBll", "IBll\IBll.csproj", "{B788B9B5-A918-494A-9AEB-3AE494622D19}"
EndProject
Project("{FAE04EC0-301F-11D3-BF4B-00C04F79EFBC}") = "IDao", "IDao\IDao.csproj", "{FCF29533-4CD3-4AC0-8343-0229B92E4F03}"
EndProject
Project("{FAE04EC0-301F-11D3-BF4B-00C04F79EFBC}") = "IOC", "IOC\IOC.csproj", "{980AD302-80E5-4E38-85BD-A324730F1893}"
EndProject
Project("{FAE04EC0-301F-11D3-BF4B-00C04F79EFBC}") = "Models", "Models\Models.csproj", "{B7875A28-EBA6-48AD-BCCE-FE189834B0B1}"
EndProject
Global
	GlobalSection(SolutionConfigurationPlatforms) = preSolution
		Debug|Any CPU = Debug|Any CPU
		Release|Any CPU = Release|Any CPU
	EndGlobalSection
	GlobalSection(ProjectConfigurationPlatforms) = postSolution
		{A0045064-4DA3-4A9A-9E1A-F9767ABD488C}.Debug|Any CPU.ActiveCfg = Debug|Any CPU
		{A0045064-4DA3-4A9A-9E1A-F9767ABD488C}.Debug|Any CPU.Build.0 = Debug|Any CPU
		{A0045064-4DA3-4A9A-9E1A-F9767ABD488C}.Release|Any CPU.ActiveCfg = Release|Any CPU
		{A0045064-4DA3-4A9A-9E1A-F9767ABD488C}.Release|Any CPU.Build.0 = Release|Any CPU
		{BDD60CDA-DFA7-48DA-89E3-EB43B638094A}.Debug|Any CPU.ActiveCfg = Debug|Any CPU
		{BDD60CDA-DFA7-48DA-89E3-EB43B638094A}.Debug|Any CPU.Build.0 = Debug|Any CPU
		{BDD60CDA-DFA7-48DA-89E3-EB43B638094A}.Release|Any CPU.ActiveCfg = Release|Any CPU
		{BDD60CDA-DFA7-48DA-89E3-EB43B638094A}.Release|Any CPU.Build.0 = Release|Any CPU
		{4FC656D8-8E39-42D1-81F6-C3DC87CADB2B}.Debug|Any CPU.ActiveCfg = Debug|Any CPU
		{4FC656D8-8E39-42D1-81F6-C3DC87CADB2B}.Debug|Any CPU.Build.0 = Debug|Any CPU
		{4FC656D8-8E39-42D1-81F6-C3DC87CADB2B}.Release|Any CPU.ActiveCfg = Release|Any CPU
		{4FC656D8-8E39-42D1-81F6-C3DC87CADB2B}.Release|Any CPU.Build.0 = Release|Any CPU
		{B788B9B5-A918-494A-9AEB-3AE494622D19}.Debug|Any CPU.ActiveCfg = Debug|Any CPU
		{B788B9B5-A918-494A-9AEB-3AE494622D19}.Debug|Any CPU.Build.0 = Debug|Any CPU
		{B788B9B5-A918-494A-9AEB-3AE494622D19}.Release|Any CPU.ActiveCfg = Release|Any CPU
		{B788B9B5-A918-494A-9AEB-3AE494622D19}.Release|Any CPU.Build.0 = Release|Any CPU
		{FCF29533-4CD3-4AC0-8343-0229B92E4F03}.Debug|Any CPU.ActiveCfg = Debug|Any CPU
		{FCF29533-4CD3-4AC0-8343-0229B92E4F03}.Debug|Any CPU.Build.0 = Debug|Any CPU
		{FCF29533-4CD3-4AC0-8343-0229B92E4F03}.Release|Any CPU.ActiveCfg = Release|Any CPU
		{FCF29533-4CD3-4AC0-8343-0229B92E4F03}.Release|Any CPU.Build.0 = Release|Any CPU
		{980AD302-80E5-4E38-85BD-A324730F1893}.Debug|Any CPU.ActiveCfg = Debug|Any CPU
		{980AD302-80E5-4E38-85BD-A324730F1893}.Debug|Any CPU.Build.0 = Debug|Any CPU
		{980AD302-80E5-4E38-85BD-A324730F1893}.Release|Any CPU.ActiveCfg = Release|Any CPU
		{980AD302-80E5-4E38-85BD-A324730F1893}.Release|Any CPU.Build.0 = Release|Any CPU
		{B7875A28-EBA6-48AD-BCCE-FE189834B0B1}.Debug|Any CPU.ActiveCfg = Debug|Any CPU
		{B7875A28-EBA6-48AD-BCCE-FE189834B0B1}.Debug|Any CPU.Build.0 = Debug|Any CPU
		{B7875A28-EBA6-48AD-BCCE-FE189834B0B1}.Release|Any CPU.ActiveCfg = Release|Any CPU
		{B7875A28-EBA6-48AD-BCCE-FE189834B0B1}.Release|Any CPU.Build.0 = Release|Any CPU
	EndGlobalSection
	GlobalSection(SolutionProperties) = preSolution
		HideSolutionNode = FALSE
	EndGlobalSection
EndGlobal
